
Microsoft Visual Studio Solution File, Format Version 12.00
# Visual Studio 2012
Project("{FAE04EC0-301F-11D3-BF4B-00C04F79EFBC}") = "Neptuo.Web.Framework", "Neptuo.Web.Framework\Neptuo.Web.Framework.csproj", "{D99D6428-BA37-4426-9AB3-7A57AC3CC9CA}"
EndProject
Project("{FAE04EC0-301F-11D3-BF4B-00C04F79EFBC}") = "Neptuo.Web.Framework.Mvc", "Neptuo.Web.Framework.Mvc\Neptuo.Web.Framework.Mvc.csproj", "{3CD8B1D3-776D-48EB-8E4A-785F268F6500}"
EndProject
Project("{FAE04EC0-301F-11D3-BF4B-00C04F79EFBC}") = "TestConsole", "TestConsole\TestConsole.csproj", "{02755159-33CE-42F1-AA20-16C9A29ABAA0}"
EndProject
Project("{FAE04EC0-301F-11D3-BF4B-00C04F79EFBC}") = "TestWebMvc", "TestWebMvc\TestWebMvc.csproj", "{EAAE4201-29D3-4E20-BAE1-3AA3B59F66E9}"
EndProject
Project("{FAE04EC0-301F-11D3-BF4B-00C04F79EFBC}") = "Neptuo.Web.Framework.Parser", "Neptuo.Web.Framework.Parser\Neptuo.Web.Framework.Parser.csproj", "{EBF1D2D2-3170-470A-A168-EB613268F777}"
EndProject
Project("{FAE04EC0-301F-11D3-BF4B-00C04F79EFBC}") = "Neptuo.Web.Framework.Implementation", "Neptuo.Web.Framework.Implementation\Neptuo.Web.Framework.Implementation.csproj", "{B516B554-2AC9-4A6E-B9B0-35504AD425FE}"
EndProject
Project("{2150E333-8FDC-42A3-9474-1A3956D46DE8}") = "WebSites", "WebSites", "{0DBB3903-441E-4395-94D4-F0E3E319ED13}"
EndProject
Project("{FAE04EC0-301F-11D3-BF4B-00C04F79EFBC}") = "DemoWebUI", "DemoWebUI\DemoWebUI.csproj", "{7599A05E-B486-4BBF-8A04-39612E7876D7}"
EndProject
Project("{FAE04EC0-301F-11D3-BF4B-00C04F79EFBC}") = "Neptuo.Web.Framework.Unity", "Neptuo.Web.Framework.Unity\Neptuo.Web.Framework.Unity.csproj", "{59A03776-C729-447E-8540-B21C6C87A81E}"
EndProject
Project("{FAE04EC0-301F-11D3-BF4B-00C04F79EFBC}") = "Neptuo.Web.Framework.Composition", "Neptuo.Web.Framework.Composition\Neptuo.Web.Framework.Composition.csproj", "{D857156F-2AA1-4185-B019-F2E459B45C15}"
EndProject
Global
	GlobalSection(SolutionConfigurationPlatforms) = preSolution
		Debug|Any CPU = Debug|Any CPU
		Debug|Mixed Platforms = Debug|Mixed Platforms
		Debug|x86 = Debug|x86
		Release|Any CPU = Release|Any CPU
		Release|Mixed Platforms = Release|Mixed Platforms
		Release|x86 = Release|x86
	EndGlobalSection
	GlobalSection(ProjectConfigurationPlatforms) = postSolution
		{D99D6428-BA37-4426-9AB3-7A57AC3CC9CA}.Debug|Any CPU.ActiveCfg = Debug|Any CPU
		{D99D6428-BA37-4426-9AB3-7A57AC3CC9CA}.Debug|Any CPU.Build.0 = Debug|Any CPU
		{D99D6428-BA37-4426-9AB3-7A57AC3CC9CA}.Debug|Mixed Platforms.ActiveCfg = Debug|Any CPU
		{D99D6428-BA37-4426-9AB3-7A57AC3CC9CA}.Debug|Mixed Platforms.Build.0 = Debug|Any CPU
		{D99D6428-BA37-4426-9AB3-7A57AC3CC9CA}.Debug|x86.ActiveCfg = Debug|Any CPU
		{D99D6428-BA37-4426-9AB3-7A57AC3CC9CA}.Release|Any CPU.ActiveCfg = Release|Any CPU
		{D99D6428-BA37-4426-9AB3-7A57AC3CC9CA}.Release|Any CPU.Build.0 = Release|Any CPU
		{D99D6428-BA37-4426-9AB3-7A57AC3CC9CA}.Release|Mixed Platforms.ActiveCfg = Release|Any CPU
		{D99D6428-BA37-4426-9AB3-7A57AC3CC9CA}.Release|Mixed Platforms.Build.0 = Release|Any CPU
		{D99D6428-BA37-4426-9AB3-7A57AC3CC9CA}.Release|x86.ActiveCfg = Release|Any CPU
		{3CD8B1D3-776D-48EB-8E4A-785F268F6500}.Debug|Any CPU.ActiveCfg = Debug|Any CPU
		{3CD8B1D3-776D-48EB-8E4A-785F268F6500}.Debug|Any CPU.Build.0 = Debug|Any CPU
		{3CD8B1D3-776D-48EB-8E4A-785F268F6500}.Debug|Mixed Platforms.ActiveCfg = Debug|Any CPU
		{3CD8B1D3-776D-48EB-8E4A-785F268F6500}.Debug|Mixed Platforms.Build.0 = Debug|Any CPU
		{3CD8B1D3-776D-48EB-8E4A-785F268F6500}.Debug|x86.ActiveCfg = Debug|Any CPU
		{3CD8B1D3-776D-48EB-8E4A-785F268F6500}.Release|Any CPU.ActiveCfg = Release|Any CPU
		{3CD8B1D3-776D-48EB-8E4A-785F268F6500}.Release|Any CPU.Build.0 = Release|Any CPU
		{3CD8B1D3-776D-48EB-8E4A-785F268F6500}.Release|Mixed Platforms.ActiveCfg = Release|Any CPU
		{3CD8B1D3-776D-48EB-8E4A-785F268F6500}.Release|Mixed Platforms.Build.0 = Release|Any CPU
		{3CD8B1D3-776D-48EB-8E4A-785F268F6500}.Release|x86.ActiveCfg = Release|Any CPU
		{02755159-33CE-42F1-AA20-16C9A29ABAA0}.Debug|Any CPU.ActiveCfg = Debug|x86
		{02755159-33CE-42F1-AA20-16C9A29ABAA0}.Debug|Mixed Platforms.ActiveCfg = Debug|x86
		{02755159-33CE-42F1-AA20-16C9A29ABAA0}.Debug|Mixed Platforms.Build.0 = Debug|x86
		{02755159-33CE-42F1-AA20-16C9A29ABAA0}.Debug|x86.ActiveCfg = Debug|x86
		{02755159-33CE-42F1-AA20-16C9A29ABAA0}.Debug|x86.Build.0 = Debug|x86
		{02755159-33CE-42F1-AA20-16C9A29ABAA0}.Release|Any CPU.ActiveCfg = Release|x86
		{02755159-33CE-42F1-AA20-16C9A29ABAA0}.Release|Mixed Platforms.ActiveCfg = Release|x86
		{02755159-33CE-42F1-AA20-16C9A29ABAA0}.Release|Mixed Platforms.Build.0 = Release|x86
		{02755159-33CE-42F1-AA20-16C9A29ABAA0}.Release|x86.ActiveCfg = Release|x86
		{02755159-33CE-42F1-AA20-16C9A29ABAA0}.Release|x86.Build.0 = Release|x86
		{EAAE4201-29D3-4E20-BAE1-3AA3B59F66E9}.Debug|Any CPU.ActiveCfg = Debug|Any CPU
		{EAAE4201-29D3-4E20-BAE1-3AA3B59F66E9}.Debug|Any CPU.Build.0 = Debug|Any CPU
		{EAAE4201-29D3-4E20-BAE1-3AA3B59F66E9}.Debug|Mixed Platforms.ActiveCfg = Debug|Any CPU
		{EAAE4201-29D3-4E20-BAE1-3AA3B59F66E9}.Debug|Mixed Platforms.Build.0 = Debug|Any CPU
		{EAAE4201-29D3-4E20-BAE1-3AA3B59F66E9}.Debug|x86.ActiveCfg = Debug|Any CPU
		{EAAE4201-29D3-4E20-BAE1-3AA3B59F66E9}.Release|Any CPU.ActiveCfg = Release|Any CPU
		{EAAE4201-29D3-4E20-BAE1-3AA3B59F66E9}.Release|Any CPU.Build.0 = Release|Any CPU
		{EAAE4201-29D3-4E20-BAE1-3AA3B59F66E9}.Release|Mixed Platforms.ActiveCfg = Release|Any CPU
		{EAAE4201-29D3-4E20-BAE1-3AA3B59F66E9}.Release|Mixed Platforms.Build.0 = Release|Any CPU
		{EAAE4201-29D3-4E20-BAE1-3AA3B59F66E9}.Release|x86.ActiveCfg = Release|Any CPU
		{EBF1D2D2-3170-470A-A168-EB613268F777}.Debug|Any CPU.ActiveCfg = Debug|Any CPU
		{EBF1D2D2-3170-470A-A168-EB613268F777}.Debug|Any CPU.Build.0 = Debug|Any CPU
		{EBF1D2D2-3170-470A-A168-EB613268F777}.Debug|Mixed Platforms.ActiveCfg = Debug|Any CPU
		{EBF1D2D2-3170-470A-A168-EB613268F777}.Debug|Mixed Platforms.Build.0 = Debug|Any CPU
		{EBF1D2D2-3170-470A-A168-EB613268F777}.Debug|x86.ActiveCfg = Debug|Any CPU
		{EBF1D2D2-3170-470A-A168-EB613268F777}.Release|Any CPU.ActiveCfg = Release|Any CPU
		{EBF1D2D2-3170-470A-A168-EB613268F777}.Release|Any CPU.Build.0 = Release|Any CPU
		{EBF1D2D2-3170-470A-A168-EB613268F777}.Release|Mixed Platforms.ActiveCfg = Release|Any CPU
		{EBF1D2D2-3170-470A-A168-EB613268F777}.Release|Mixed Platforms.Build.0 = Release|Any CPU
		{EBF1D2D2-3170-470A-A168-EB613268F777}.Release|x86.ActiveCfg = Release|Any CPU
		{B516B554-2AC9-4A6E-B9B0-35504AD425FE}.Debug|Any CPU.ActiveCfg = Debug|Any CPU
		{B516B554-2AC9-4A6E-B9B0-35504AD425FE}.Debug|Any CPU.Build.0 = Debug|Any CPU
		{B516B554-2AC9-4A6E-B9B0-35504AD425FE}.Debug|Mixed Platforms.ActiveCfg = Debug|Any CPU
		{B516B554-2AC9-4A6E-B9B0-35504AD425FE}.Debug|Mixed Platforms.Build.0 = Debug|Any CPU
		{B516B554-2AC9-4A6E-B9B0-35504AD425FE}.Debug|x86.ActiveCfg = Debug|Any CPU
		{B516B554-2AC9-4A6E-B9B0-35504AD425FE}.Release|Any CPU.ActiveCfg = Release|Any CPU
		{B516B554-2AC9-4A6E-B9B0-35504AD425FE}.Release|Any CPU.Build.0 = Release|Any CPU
		{B516B554-2AC9-4A6E-B9B0-35504AD425FE}.Release|Mixed Platforms.ActiveCfg = Release|Any CPU
		{B516B554-2AC9-4A6E-B9B0-35504AD425FE}.Release|Mixed Platforms.Build.0 = Release|Any CPU
		{B516B554-2AC9-4A6E-B9B0-35504AD425FE}.Release|x86.ActiveCfg = Release|Any CPU
		{7599A05E-B486-4BBF-8A04-39612E7876D7}.Debug|Any CPU.ActiveCfg = Debug|Any CPU
		{7599A05E-B486-4BBF-8A04-39612E7876D7}.Debug|Any CPU.Build.0 = Debug|Any CPU
		{7599A05E-B486-4BBF-8A04-39612E7876D7}.Debug|Mixed Platforms.ActiveCfg = Debug|Any CPU
		{7599A05E-B486-4BBF-8A04-39612E7876D7}.Debug|Mixed Platforms.Build.0 = Debug|Any CPU
		{7599A05E-B486-4BBF-8A04-39612E7876D7}.Debug|x86.ActiveCfg = Debug|Any CPU
		{7599A05E-B486-4BBF-8A04-39612E7876D7}.Release|Any CPU.ActiveCfg = Release|Any CPU
		{7599A05E-B486-4BBF-8A04-39612E7876D7}.Release|Any CPU.Build.0 = Release|Any CPU
		{7599A05E-B486-4BBF-8A04-39612E7876D7}.Release|Mixed Platforms.ActiveCfg = Release|Any CPU
		{7599A05E-B486-4BBF-8A04-39612E7876D7}.Release|Mixed Platforms.Build.0 = Release|Any CPU
		{7599A05E-B486-4BBF-8A04-39612E7876D7}.Release|x86.ActiveCfg = Release|Any CPU
		{59A03776-C729-447E-8540-B21C6C87A81E}.Debug|Any CPU.ActiveCfg = Debug|Any CPU
		{59A03776-C729-447E-8540-B21C6C87A81E}.Debug|Any CPU.Build.0 = Debug|Any CPU
		{59A03776-C729-447E-8540-B21C6C87A81E}.Debug|Mixed Platforms.ActiveCfg = Debug|Any CPU
		{59A03776-C729-447E-8540-B21C6C87A81E}.Debug|Mixed Platforms.Build.0 = Debug|Any CPU
		{59A03776-C729-447E-8540-B21C6C87A81E}.Debug|x86.ActiveCfg = Debug|Any CPU
		{59A03776-C729-447E-8540-B21C6C87A81E}.Release|Any CPU.ActiveCfg = Release|Any CPU
		{59A03776-C729-447E-8540-B21C6C87A81E}.Release|Any CPU.Build.0 = Release|Any CPU
		{59A03776-C729-447E-8540-B21C6C87A81E}.Release|Mixed Platforms.ActiveCfg = Release|Any CPU
		{59A03776-C729-447E-8540-B21C6C87A81E}.Release|Mixed Platforms.Build.0 = Release|Any CPU
		{59A03776-C729-447E-8540-B21C6C87A81E}.Release|x86.ActiveCfg = Release|Any CPU
		{D857156F-2AA1-4185-B019-F2E459B45C15}.Debug|Any CPU.ActiveCfg = Debug|Any CPU
		{D857156F-2AA1-4185-B019-F2E459B45C15}.Debug|Any CPU.Build.0 = Debug|Any CPU
		{D857156F-2AA1-4185-B019-F2E459B45C15}.Debug|Mixed Platforms.ActiveCfg = Debug|Any CPU
		{D857156F-2AA1-4185-B019-F2E459B45C15}.Debug|Mixed Platforms.Build.0 = Debug|Any CPU
		{D857156F-2AA1-4185-B019-F2E459B45C15}.Debug|x86.ActiveCfg = Debug|Any CPU
		{D857156F-2AA1-4185-B019-F2E459B45C15}.Release|Any CPU.ActiveCfg = Release|Any CPU
		{D857156F-2AA1-4185-B019-F2E459B45C15}.Release|Any CPU.Build.0 = Release|Any CPU
		{D857156F-2AA1-4185-B019-F2E459B45C15}.Release|Mixed Platforms.ActiveCfg = Release|Any CPU
		{D857156F-2AA1-4185-B019-F2E459B45C15}.Release|Mixed Platforms.Build.0 = Release|Any CPU
		{D857156F-2AA1-4185-B019-F2E459B45C15}.Release|x86.ActiveCfg = Release|Any CPU
	EndGlobalSection
	GlobalSection(SolutionProperties) = preSolution
		HideSolutionNode = FALSE
	EndGlobalSection
	GlobalSection(NestedProjects) = preSolution
		{7599A05E-B486-4BBF-8A04-39612E7876D7} = {0DBB3903-441E-4395-94D4-F0E3E319ED13}
	EndGlobalSection
	GlobalSection(ExtensibilityGlobals) = postSolution
		EnterpriseLibraryConfigurationToolBinariesPath = packages\Unity.2.1.505.2\lib\NET35
		VisualSVNWorkingCopyRoot = .
	EndGlobalSection
EndGlobal
