
Microsoft Visual Studio Solution File, Format Version 12.00
# Visual Studio 2013
VisualStudioVersion = 12.0.40629.0
MinimumVisualStudioVersion = 10.0.40219.1
Project("{2150E333-8FDC-42A3-9474-1A3956D46DE8}") = "Examples", "Examples", "{0DBB3903-441E-4395-94D4-F0E3E319ED13}"
EndProject
Project("{2150E333-8FDC-42A3-9474-1A3956D46DE8}") = ".nuget", ".nuget", "{F9BE539D-8A58-4E99-8B09-5B03955DE775}"
	ProjectSection(SolutionItems) = preProject
		.nuget\NuGet.Config = .nuget\NuGet.Config
		.nuget\NuGet.exe = .nuget\NuGet.exe
		.nuget\NuGet.targets = .nuget\NuGet.targets
	EndProjectSection
EndProject
Project("{2150E333-8FDC-42A3-9474-1A3956D46DE8}") = "Test", "Test", "{6B93C14C-2672-4935-AE18-C28432632F46}"
EndProject
Project("{FAE04EC0-301F-11D3-BF4B-00C04F79EFBC}") = "Neptuo.Templates.Compilation", "src\Neptuo.Templates.Compilation\Neptuo.Templates.Compilation.csproj", "{37BC3720-17C6-40EB-8236-037EC9BBC66B}"
EndProject
Project("{FAE04EC0-301F-11D3-BF4B-00C04F79EFBC}") = "Test.Templates.SharpKit.WebSite", "test\Test.Templates.SharpKit.WebSite\Test.Templates.SharpKit.WebSite.csproj", "{8FA7AF8F-37BB-4D0B-998E-FFEB0700AFF2}"
EndProject
Project("{FAE04EC0-301F-11D3-BF4B-00C04F79EFBC}") = "LiveWebUI", "test\LiveWebUI\LiveWebUI.csproj", "{C6F71A8A-1673-464A-9C88-F598D2DD5D6C}"
EndProject
Project("{FAE04EC0-301F-11D3-BF4B-00C04F79EFBC}") = "Test.Templates.Console", "test\Test.Templates.Console\Test.Templates.Console.csproj", "{52A35B4D-EECC-43A0-80FD-3EDE2A06E17C}"
EndProject
Project("{FAE04EC0-301F-11D3-BF4B-00C04F79EFBC}") = "Test.Templates", "test\Test.Templates\Test.Templates.csproj", "{5C3E3B99-79BD-4A53-A07C-0B9B03CE52D3}"
EndProject
Project("{FAE04EC0-301F-11D3-BF4B-00C04F79EFBC}") = "Test.Templates.Compilation", "test\Test.Templates.Compilation\Test.Templates.Compilation.csproj", "{BC762024-B072-4030-B33E-7900493AC41D}"
EndProject
Project("{FAE04EC0-301F-11D3-BF4B-00C04F79EFBC}") = "Neptuo.Templates.VisualStudio.UI", "src\Neptuo.Templates.VisualStudio.UI\Neptuo.Templates.VisualStudio.UI.csproj", "{08038638-BA5E-4032-91D1-CFA70B9777BB}"
EndProject
Project("{2150E333-8FDC-42A3-9474-1A3956D46DE8}") = "VisualStudio", "VisualStudio", "{6F94F3A2-1F21-4752-8B7F-016E2D0AAF5C}"
EndProject
Project("{FAE04EC0-301F-11D3-BF4B-00C04F79EFBC}") = "Neptuo.Templates.VisualStudio", "src\Neptuo.Templates.VisualStudio\Neptuo.Templates.VisualStudio.csproj", "{9AA671E2-FB2E-48B1-BD9F-3D7796CEDDD7}"
EndProject
Project("{FAE04EC0-301F-11D3-BF4B-00C04F79EFBC}") = "UnitTest.Templates.Parsers.Tokenizers", "test\UnitTest.Templates.Parsers.Tokenizers\UnitTest.Templates.Parsers.Tokenizers.csproj", "{7A2007BB-86BF-4999-A86B-37DC66FD97A5}"
EndProject
Project("{FAE04EC0-301F-11D3-BF4B-00C04F79EFBC}") = "Neptuo.Templates.Compilation.Parsers", "src\Neptuo.Templates.Compilation.Parsers\Neptuo.Templates.Compilation.Parsers.csproj", "{3418325A-D861-4FB7-BF59-215A0D19C5A1}"
EndProject
Project("{FAE04EC0-301F-11D3-BF4B-00C04F79EFBC}") = "PerfTest.Templates.Parsers.Tokenizers", "test\PerfTest.Templates.Parsers.Tokenizers\PerfTest.Templates.Parsers.Tokenizers.csproj", "{D51E2E8C-6BC8-4AE9-8159-7741597AC06E}"
EndProject
Project("{FAE04EC0-301F-11D3-BF4B-00C04F79EFBC}") = "UnitTest.Templates.Parsers", "test\UnitTest.Templates.Parsers\UnitTest.Templates.Parsers.csproj", "{33730985-4BA4-4CA4-84FD-3306FEDED025}"
EndProject
Project("{FAE04EC0-301F-11D3-BF4B-00C04F79EFBC}") = "Neptuo.Templates.Compilation.CodeObjects", "src\Neptuo.Templates.Compilation.CodeObjects\Neptuo.Templates.Compilation.CodeObjects.csproj", "{C285CE2D-1B99-484A-9FFE-2D0AADE22AF7}"
EndProject
Project("{FAE04EC0-301F-11D3-BF4B-00C04F79EFBC}") = "Neptuo.Templates.Compilation.Parsers.Text", "src\Neptuo.Templates.Compilation.Parsers.Text\Neptuo.Templates.Compilation.Parsers.Text.csproj", "{E9DE792A-332B-40B1-B424-4ACC2549FF49}"
EndProject
Project("{FAE04EC0-301F-11D3-BF4B-00C04F79EFBC}") = "Neptuo.Templates.Compilation.Parsers.Syntax", "src\Neptuo.Templates.Compilation.Parsers.Syntax\Neptuo.Templates.Compilation.Parsers.Syntax.csproj", "{8F815ABF-62A1-4117-B484-ABF6B659D65F}"
EndProject
Project("{FAE04EC0-301F-11D3-BF4B-00C04F79EFBC}") = "Neptuo.Templates.VisualStudio.IntelliSense", "src\Neptuo.Templates.VisualStudio.IntelliSense\Neptuo.Templates.VisualStudio.IntelliSense.csproj", "{6AD9A968-9EA6-44A1-93C7-CD6358837365}"
EndProject
Project("{FAE04EC0-301F-11D3-BF4B-00C04F79EFBC}") = "Test.Templates.VisualStudio", "test\Test.Templates.VisualStudio\Test.Templates.VisualStudio.csproj", "{A2D7DED3-109A-4955-910D-4092F3E77500}"
EndProject
Global
	GlobalSection(SolutionConfigurationPlatforms) = preSolution
		Debug|Any CPU = Debug|Any CPU
		Debug|Mixed Platforms = Debug|Mixed Platforms
		Debug|x86 = Debug|x86
		Release|Any CPU = Release|Any CPU
		Release|Mixed Platforms = Release|Mixed Platforms
		Release|x86 = Release|x86
	EndGlobalSection
	GlobalSection(ProjectConfigurationPlatforms) = postSolution
		{37BC3720-17C6-40EB-8236-037EC9BBC66B}.Debug|Any CPU.ActiveCfg = Debug|Any CPU
		{37BC3720-17C6-40EB-8236-037EC9BBC66B}.Debug|Any CPU.Build.0 = Debug|Any CPU
		{37BC3720-17C6-40EB-8236-037EC9BBC66B}.Debug|Mixed Platforms.ActiveCfg = Debug|Any CPU
		{37BC3720-17C6-40EB-8236-037EC9BBC66B}.Debug|Mixed Platforms.Build.0 = Debug|Any CPU
		{37BC3720-17C6-40EB-8236-037EC9BBC66B}.Debug|x86.ActiveCfg = Debug|Any CPU
		{37BC3720-17C6-40EB-8236-037EC9BBC66B}.Release|Any CPU.ActiveCfg = Release|Any CPU
		{37BC3720-17C6-40EB-8236-037EC9BBC66B}.Release|Any CPU.Build.0 = Release|Any CPU
		{37BC3720-17C6-40EB-8236-037EC9BBC66B}.Release|Mixed Platforms.ActiveCfg = Release|Any CPU
		{37BC3720-17C6-40EB-8236-037EC9BBC66B}.Release|Mixed Platforms.Build.0 = Release|Any CPU
		{37BC3720-17C6-40EB-8236-037EC9BBC66B}.Release|x86.ActiveCfg = Release|Any CPU
		{8FA7AF8F-37BB-4D0B-998E-FFEB0700AFF2}.Debug|Any CPU.ActiveCfg = Debug|Any CPU
		{8FA7AF8F-37BB-4D0B-998E-FFEB0700AFF2}.Debug|Any CPU.Build.0 = Debug|Any CPU
		{8FA7AF8F-37BB-4D0B-998E-FFEB0700AFF2}.Debug|Mixed Platforms.ActiveCfg = Debug|Any CPU
		{8FA7AF8F-37BB-4D0B-998E-FFEB0700AFF2}.Debug|Mixed Platforms.Build.0 = Debug|Any CPU
		{8FA7AF8F-37BB-4D0B-998E-FFEB0700AFF2}.Debug|x86.ActiveCfg = Debug|Any CPU
		{8FA7AF8F-37BB-4D0B-998E-FFEB0700AFF2}.Release|Any CPU.ActiveCfg = Release|Any CPU
		{8FA7AF8F-37BB-4D0B-998E-FFEB0700AFF2}.Release|Any CPU.Build.0 = Release|Any CPU
		{8FA7AF8F-37BB-4D0B-998E-FFEB0700AFF2}.Release|Mixed Platforms.ActiveCfg = Release|Any CPU
		{8FA7AF8F-37BB-4D0B-998E-FFEB0700AFF2}.Release|Mixed Platforms.Build.0 = Release|Any CPU
		{8FA7AF8F-37BB-4D0B-998E-FFEB0700AFF2}.Release|x86.ActiveCfg = Release|Any CPU
		{C6F71A8A-1673-464A-9C88-F598D2DD5D6C}.Debug|Any CPU.ActiveCfg = Debug|Any CPU
		{C6F71A8A-1673-464A-9C88-F598D2DD5D6C}.Debug|Any CPU.Build.0 = Debug|Any CPU
		{C6F71A8A-1673-464A-9C88-F598D2DD5D6C}.Debug|Mixed Platforms.ActiveCfg = Debug|Any CPU
		{C6F71A8A-1673-464A-9C88-F598D2DD5D6C}.Debug|Mixed Platforms.Build.0 = Debug|Any CPU
		{C6F71A8A-1673-464A-9C88-F598D2DD5D6C}.Debug|x86.ActiveCfg = Debug|Any CPU
		{C6F71A8A-1673-464A-9C88-F598D2DD5D6C}.Release|Any CPU.ActiveCfg = Release|Any CPU
		{C6F71A8A-1673-464A-9C88-F598D2DD5D6C}.Release|Any CPU.Build.0 = Release|Any CPU
		{C6F71A8A-1673-464A-9C88-F598D2DD5D6C}.Release|Mixed Platforms.ActiveCfg = Release|Any CPU
		{C6F71A8A-1673-464A-9C88-F598D2DD5D6C}.Release|Mixed Platforms.Build.0 = Release|Any CPU
		{C6F71A8A-1673-464A-9C88-F598D2DD5D6C}.Release|x86.ActiveCfg = Release|Any CPU
		{52A35B4D-EECC-43A0-80FD-3EDE2A06E17C}.Debug|Any CPU.ActiveCfg = Debug|Any CPU
		{52A35B4D-EECC-43A0-80FD-3EDE2A06E17C}.Debug|Any CPU.Build.0 = Debug|Any CPU
		{52A35B4D-EECC-43A0-80FD-3EDE2A06E17C}.Debug|Mixed Platforms.ActiveCfg = Debug|Any CPU
		{52A35B4D-EECC-43A0-80FD-3EDE2A06E17C}.Debug|Mixed Platforms.Build.0 = Debug|Any CPU
		{52A35B4D-EECC-43A0-80FD-3EDE2A06E17C}.Debug|x86.ActiveCfg = Debug|Any CPU
		{52A35B4D-EECC-43A0-80FD-3EDE2A06E17C}.Release|Any CPU.ActiveCfg = Release|Any CPU
		{52A35B4D-EECC-43A0-80FD-3EDE2A06E17C}.Release|Any CPU.Build.0 = Release|Any CPU
		{52A35B4D-EECC-43A0-80FD-3EDE2A06E17C}.Release|Mixed Platforms.ActiveCfg = Release|Any CPU
		{52A35B4D-EECC-43A0-80FD-3EDE2A06E17C}.Release|Mixed Platforms.Build.0 = Release|Any CPU
		{52A35B4D-EECC-43A0-80FD-3EDE2A06E17C}.Release|x86.ActiveCfg = Release|Any CPU
		{5C3E3B99-79BD-4A53-A07C-0B9B03CE52D3}.Debug|Any CPU.ActiveCfg = Debug|Any CPU
		{5C3E3B99-79BD-4A53-A07C-0B9B03CE52D3}.Debug|Any CPU.Build.0 = Debug|Any CPU
		{5C3E3B99-79BD-4A53-A07C-0B9B03CE52D3}.Debug|Mixed Platforms.ActiveCfg = Debug|Any CPU
		{5C3E3B99-79BD-4A53-A07C-0B9B03CE52D3}.Debug|Mixed Platforms.Build.0 = Debug|Any CPU
		{5C3E3B99-79BD-4A53-A07C-0B9B03CE52D3}.Debug|x86.ActiveCfg = Debug|Any CPU
		{5C3E3B99-79BD-4A53-A07C-0B9B03CE52D3}.Release|Any CPU.ActiveCfg = Release|Any CPU
		{5C3E3B99-79BD-4A53-A07C-0B9B03CE52D3}.Release|Any CPU.Build.0 = Release|Any CPU
		{5C3E3B99-79BD-4A53-A07C-0B9B03CE52D3}.Release|Mixed Platforms.ActiveCfg = Release|Any CPU
		{5C3E3B99-79BD-4A53-A07C-0B9B03CE52D3}.Release|Mixed Platforms.Build.0 = Release|Any CPU
		{5C3E3B99-79BD-4A53-A07C-0B9B03CE52D3}.Release|x86.ActiveCfg = Release|Any CPU
		{BC762024-B072-4030-B33E-7900493AC41D}.Debug|Any CPU.ActiveCfg = Debug|Any CPU
		{BC762024-B072-4030-B33E-7900493AC41D}.Debug|Any CPU.Build.0 = Debug|Any CPU
		{BC762024-B072-4030-B33E-7900493AC41D}.Debug|Mixed Platforms.ActiveCfg = Debug|Any CPU
		{BC762024-B072-4030-B33E-7900493AC41D}.Debug|Mixed Platforms.Build.0 = Debug|Any CPU
		{BC762024-B072-4030-B33E-7900493AC41D}.Debug|x86.ActiveCfg = Debug|Any CPU
		{BC762024-B072-4030-B33E-7900493AC41D}.Release|Any CPU.ActiveCfg = Release|Any CPU
		{BC762024-B072-4030-B33E-7900493AC41D}.Release|Any CPU.Build.0 = Release|Any CPU
		{BC762024-B072-4030-B33E-7900493AC41D}.Release|Mixed Platforms.ActiveCfg = Release|Any CPU
		{BC762024-B072-4030-B33E-7900493AC41D}.Release|Mixed Platforms.Build.0 = Release|Any CPU
		{BC762024-B072-4030-B33E-7900493AC41D}.Release|x86.ActiveCfg = Release|Any CPU
		{08038638-BA5E-4032-91D1-CFA70B9777BB}.Debug|Any CPU.ActiveCfg = Debug|Any CPU
		{08038638-BA5E-4032-91D1-CFA70B9777BB}.Debug|Any CPU.Build.0 = Debug|Any CPU
		{08038638-BA5E-4032-91D1-CFA70B9777BB}.Debug|Mixed Platforms.ActiveCfg = Debug|Any CPU
		{08038638-BA5E-4032-91D1-CFA70B9777BB}.Debug|Mixed Platforms.Build.0 = Debug|Any CPU
		{08038638-BA5E-4032-91D1-CFA70B9777BB}.Debug|x86.ActiveCfg = Debug|Any CPU
		{08038638-BA5E-4032-91D1-CFA70B9777BB}.Release|Any CPU.ActiveCfg = Release|Any CPU
		{08038638-BA5E-4032-91D1-CFA70B9777BB}.Release|Any CPU.Build.0 = Release|Any CPU
		{08038638-BA5E-4032-91D1-CFA70B9777BB}.Release|Mixed Platforms.ActiveCfg = Release|Any CPU
		{08038638-BA5E-4032-91D1-CFA70B9777BB}.Release|Mixed Platforms.Build.0 = Release|Any CPU
		{08038638-BA5E-4032-91D1-CFA70B9777BB}.Release|x86.ActiveCfg = Release|Any CPU
		{9AA671E2-FB2E-48B1-BD9F-3D7796CEDDD7}.Debug|Any CPU.ActiveCfg = Debug|Any CPU
		{9AA671E2-FB2E-48B1-BD9F-3D7796CEDDD7}.Debug|Any CPU.Build.0 = Debug|Any CPU
		{9AA671E2-FB2E-48B1-BD9F-3D7796CEDDD7}.Debug|Mixed Platforms.ActiveCfg = Debug|Any CPU
		{9AA671E2-FB2E-48B1-BD9F-3D7796CEDDD7}.Debug|Mixed Platforms.Build.0 = Debug|Any CPU
		{9AA671E2-FB2E-48B1-BD9F-3D7796CEDDD7}.Debug|x86.ActiveCfg = Debug|Any CPU
		{9AA671E2-FB2E-48B1-BD9F-3D7796CEDDD7}.Release|Any CPU.ActiveCfg = Release|Any CPU
		{9AA671E2-FB2E-48B1-BD9F-3D7796CEDDD7}.Release|Any CPU.Build.0 = Release|Any CPU
		{9AA671E2-FB2E-48B1-BD9F-3D7796CEDDD7}.Release|Mixed Platforms.ActiveCfg = Release|Any CPU
		{9AA671E2-FB2E-48B1-BD9F-3D7796CEDDD7}.Release|Mixed Platforms.Build.0 = Release|Any CPU
		{9AA671E2-FB2E-48B1-BD9F-3D7796CEDDD7}.Release|x86.ActiveCfg = Release|Any CPU
		{7A2007BB-86BF-4999-A86B-37DC66FD97A5}.Debug|Any CPU.ActiveCfg = Debug|Any CPU
		{7A2007BB-86BF-4999-A86B-37DC66FD97A5}.Debug|Any CPU.Build.0 = Debug|Any CPU
		{7A2007BB-86BF-4999-A86B-37DC66FD97A5}.Debug|Mixed Platforms.ActiveCfg = Debug|Any CPU
		{7A2007BB-86BF-4999-A86B-37DC66FD97A5}.Debug|Mixed Platforms.Build.0 = Debug|Any CPU
		{7A2007BB-86BF-4999-A86B-37DC66FD97A5}.Debug|x86.ActiveCfg = Debug|Any CPU
		{7A2007BB-86BF-4999-A86B-37DC66FD97A5}.Release|Any CPU.ActiveCfg = Release|Any CPU
		{7A2007BB-86BF-4999-A86B-37DC66FD97A5}.Release|Any CPU.Build.0 = Release|Any CPU
		{7A2007BB-86BF-4999-A86B-37DC66FD97A5}.Release|Mixed Platforms.ActiveCfg = Release|Any CPU
		{7A2007BB-86BF-4999-A86B-37DC66FD97A5}.Release|Mixed Platforms.Build.0 = Release|Any CPU
		{7A2007BB-86BF-4999-A86B-37DC66FD97A5}.Release|x86.ActiveCfg = Release|Any CPU
		{3418325A-D861-4FB7-BF59-215A0D19C5A1}.Debug|Any CPU.ActiveCfg = Debug|Any CPU
		{3418325A-D861-4FB7-BF59-215A0D19C5A1}.Debug|Any CPU.Build.0 = Debug|Any CPU
		{3418325A-D861-4FB7-BF59-215A0D19C5A1}.Debug|Mixed Platforms.ActiveCfg = Debug|Any CPU
		{3418325A-D861-4FB7-BF59-215A0D19C5A1}.Debug|Mixed Platforms.Build.0 = Debug|Any CPU
		{3418325A-D861-4FB7-BF59-215A0D19C5A1}.Debug|x86.ActiveCfg = Debug|Any CPU
		{3418325A-D861-4FB7-BF59-215A0D19C5A1}.Release|Any CPU.ActiveCfg = Release|Any CPU
		{3418325A-D861-4FB7-BF59-215A0D19C5A1}.Release|Any CPU.Build.0 = Release|Any CPU
		{3418325A-D861-4FB7-BF59-215A0D19C5A1}.Release|Mixed Platforms.ActiveCfg = Release|Any CPU
		{3418325A-D861-4FB7-BF59-215A0D19C5A1}.Release|Mixed Platforms.Build.0 = Release|Any CPU
		{3418325A-D861-4FB7-BF59-215A0D19C5A1}.Release|x86.ActiveCfg = Release|Any CPU
		{D51E2E8C-6BC8-4AE9-8159-7741597AC06E}.Debug|Any CPU.ActiveCfg = Debug|Any CPU
		{D51E2E8C-6BC8-4AE9-8159-7741597AC06E}.Debug|Any CPU.Build.0 = Debug|Any CPU
		{D51E2E8C-6BC8-4AE9-8159-7741597AC06E}.Debug|Mixed Platforms.ActiveCfg = Debug|Any CPU
		{D51E2E8C-6BC8-4AE9-8159-7741597AC06E}.Debug|Mixed Platforms.Build.0 = Debug|Any CPU
		{D51E2E8C-6BC8-4AE9-8159-7741597AC06E}.Debug|x86.ActiveCfg = Debug|Any CPU
		{D51E2E8C-6BC8-4AE9-8159-7741597AC06E}.Release|Any CPU.ActiveCfg = Release|Any CPU
		{D51E2E8C-6BC8-4AE9-8159-7741597AC06E}.Release|Any CPU.Build.0 = Release|Any CPU
		{D51E2E8C-6BC8-4AE9-8159-7741597AC06E}.Release|Mixed Platforms.ActiveCfg = Release|Any CPU
		{D51E2E8C-6BC8-4AE9-8159-7741597AC06E}.Release|Mixed Platforms.Build.0 = Release|Any CPU
		{D51E2E8C-6BC8-4AE9-8159-7741597AC06E}.Release|x86.ActiveCfg = Release|Any CPU
		{33730985-4BA4-4CA4-84FD-3306FEDED025}.Debug|Any CPU.ActiveCfg = Debug|Any CPU
		{33730985-4BA4-4CA4-84FD-3306FEDED025}.Debug|Any CPU.Build.0 = Debug|Any CPU
		{33730985-4BA4-4CA4-84FD-3306FEDED025}.Debug|Mixed Platforms.ActiveCfg = Debug|Any CPU
		{33730985-4BA4-4CA4-84FD-3306FEDED025}.Debug|Mixed Platforms.Build.0 = Debug|Any CPU
		{33730985-4BA4-4CA4-84FD-3306FEDED025}.Debug|x86.ActiveCfg = Debug|Any CPU
		{33730985-4BA4-4CA4-84FD-3306FEDED025}.Release|Any CPU.ActiveCfg = Release|Any CPU
		{33730985-4BA4-4CA4-84FD-3306FEDED025}.Release|Any CPU.Build.0 = Release|Any CPU
		{33730985-4BA4-4CA4-84FD-3306FEDED025}.Release|Mixed Platforms.ActiveCfg = Release|Any CPU
		{33730985-4BA4-4CA4-84FD-3306FEDED025}.Release|Mixed Platforms.Build.0 = Release|Any CPU
		{33730985-4BA4-4CA4-84FD-3306FEDED025}.Release|x86.ActiveCfg = Release|Any CPU
		{C285CE2D-1B99-484A-9FFE-2D0AADE22AF7}.Debug|Any CPU.ActiveCfg = Debug|Any CPU
		{C285CE2D-1B99-484A-9FFE-2D0AADE22AF7}.Debug|Any CPU.Build.0 = Debug|Any CPU
		{C285CE2D-1B99-484A-9FFE-2D0AADE22AF7}.Debug|Mixed Platforms.ActiveCfg = Debug|Any CPU
		{C285CE2D-1B99-484A-9FFE-2D0AADE22AF7}.Debug|Mixed Platforms.Build.0 = Debug|Any CPU
		{C285CE2D-1B99-484A-9FFE-2D0AADE22AF7}.Debug|x86.ActiveCfg = Debug|Any CPU
		{C285CE2D-1B99-484A-9FFE-2D0AADE22AF7}.Release|Any CPU.ActiveCfg = Release|Any CPU
		{C285CE2D-1B99-484A-9FFE-2D0AADE22AF7}.Release|Any CPU.Build.0 = Release|Any CPU
		{C285CE2D-1B99-484A-9FFE-2D0AADE22AF7}.Release|Mixed Platforms.ActiveCfg = Release|Any CPU
		{C285CE2D-1B99-484A-9FFE-2D0AADE22AF7}.Release|Mixed Platforms.Build.0 = Release|Any CPU
		{C285CE2D-1B99-484A-9FFE-2D0AADE22AF7}.Release|x86.ActiveCfg = Release|Any CPU
		{E9DE792A-332B-40B1-B424-4ACC2549FF49}.Debug|Any CPU.ActiveCfg = Debug|Any CPU
		{E9DE792A-332B-40B1-B424-4ACC2549FF49}.Debug|Any CPU.Build.0 = Debug|Any CPU
		{E9DE792A-332B-40B1-B424-4ACC2549FF49}.Debug|Mixed Platforms.ActiveCfg = Debug|Any CPU
		{E9DE792A-332B-40B1-B424-4ACC2549FF49}.Debug|Mixed Platforms.Build.0 = Debug|Any CPU
		{E9DE792A-332B-40B1-B424-4ACC2549FF49}.Debug|x86.ActiveCfg = Debug|Any CPU
		{E9DE792A-332B-40B1-B424-4ACC2549FF49}.Release|Any CPU.ActiveCfg = Release|Any CPU
		{E9DE792A-332B-40B1-B424-4ACC2549FF49}.Release|Any CPU.Build.0 = Release|Any CPU
		{E9DE792A-332B-40B1-B424-4ACC2549FF49}.Release|Mixed Platforms.ActiveCfg = Release|Any CPU
		{E9DE792A-332B-40B1-B424-4ACC2549FF49}.Release|Mixed Platforms.Build.0 = Release|Any CPU
		{E9DE792A-332B-40B1-B424-4ACC2549FF49}.Release|x86.ActiveCfg = Release|Any CPU
		{8F815ABF-62A1-4117-B484-ABF6B659D65F}.Debug|Any CPU.ActiveCfg = Debug|Any CPU
		{8F815ABF-62A1-4117-B484-ABF6B659D65F}.Debug|Any CPU.Build.0 = Debug|Any CPU
		{8F815ABF-62A1-4117-B484-ABF6B659D65F}.Debug|Mixed Platforms.ActiveCfg = Debug|Any CPU
		{8F815ABF-62A1-4117-B484-ABF6B659D65F}.Debug|Mixed Platforms.Build.0 = Debug|Any CPU
		{8F815ABF-62A1-4117-B484-ABF6B659D65F}.Debug|x86.ActiveCfg = Debug|Any CPU
		{8F815ABF-62A1-4117-B484-ABF6B659D65F}.Release|Any CPU.ActiveCfg = Release|Any CPU
		{8F815ABF-62A1-4117-B484-ABF6B659D65F}.Release|Any CPU.Build.0 = Release|Any CPU
		{8F815ABF-62A1-4117-B484-ABF6B659D65F}.Release|Mixed Platforms.ActiveCfg = Release|Any CPU
		{8F815ABF-62A1-4117-B484-ABF6B659D65F}.Release|Mixed Platforms.Build.0 = Release|Any CPU
		{8F815ABF-62A1-4117-B484-ABF6B659D65F}.Release|x86.ActiveCfg = Release|Any CPU
		{6AD9A968-9EA6-44A1-93C7-CD6358837365}.Debug|Any CPU.ActiveCfg = Debug|Any CPU
		{6AD9A968-9EA6-44A1-93C7-CD6358837365}.Debug|Any CPU.Build.0 = Debug|Any CPU
		{6AD9A968-9EA6-44A1-93C7-CD6358837365}.Debug|Mixed Platforms.ActiveCfg = Debug|Any CPU
		{6AD9A968-9EA6-44A1-93C7-CD6358837365}.Debug|Mixed Platforms.Build.0 = Debug|Any CPU
		{6AD9A968-9EA6-44A1-93C7-CD6358837365}.Debug|x86.ActiveCfg = Debug|Any CPU
		{6AD9A968-9EA6-44A1-93C7-CD6358837365}.Release|Any CPU.ActiveCfg = Release|Any CPU
		{6AD9A968-9EA6-44A1-93C7-CD6358837365}.Release|Any CPU.Build.0 = Release|Any CPU
		{6AD9A968-9EA6-44A1-93C7-CD6358837365}.Release|Mixed Platforms.ActiveCfg = Release|Any CPU
		{6AD9A968-9EA6-44A1-93C7-CD6358837365}.Release|Mixed Platforms.Build.0 = Release|Any CPU
		{6AD9A968-9EA6-44A1-93C7-CD6358837365}.Release|x86.ActiveCfg = Release|Any CPU
		{A2D7DED3-109A-4955-910D-4092F3E77500}.Debug|Any CPU.ActiveCfg = Debug|Any CPU
		{A2D7DED3-109A-4955-910D-4092F3E77500}.Debug|Any CPU.Build.0 = Debug|Any CPU
		{A2D7DED3-109A-4955-910D-4092F3E77500}.Debug|Mixed Platforms.ActiveCfg = Debug|Any CPU
		{A2D7DED3-109A-4955-910D-4092F3E77500}.Debug|Mixed Platforms.Build.0 = Debug|Any CPU
		{A2D7DED3-109A-4955-910D-4092F3E77500}.Debug|x86.ActiveCfg = Debug|Any CPU
		{A2D7DED3-109A-4955-910D-4092F3E77500}.Release|Any CPU.ActiveCfg = Release|Any CPU
		{A2D7DED3-109A-4955-910D-4092F3E77500}.Release|Any CPU.Build.0 = Release|Any CPU
		{A2D7DED3-109A-4955-910D-4092F3E77500}.Release|Mixed Platforms.ActiveCfg = Release|Any CPU
		{A2D7DED3-109A-4955-910D-4092F3E77500}.Release|Mixed Platforms.Build.0 = Release|Any CPU
		{A2D7DED3-109A-4955-910D-4092F3E77500}.Release|x86.ActiveCfg = Release|Any CPU
	EndGlobalSection
	GlobalSection(SolutionProperties) = preSolution
		HideSolutionNode = FALSE
	EndGlobalSection
	GlobalSection(NestedProjects) = preSolution
		{8FA7AF8F-37BB-4D0B-998E-FFEB0700AFF2} = {6B93C14C-2672-4935-AE18-C28432632F46}
		{C6F71A8A-1673-464A-9C88-F598D2DD5D6C} = {0DBB3903-441E-4395-94D4-F0E3E319ED13}
		{52A35B4D-EECC-43A0-80FD-3EDE2A06E17C} = {6B93C14C-2672-4935-AE18-C28432632F46}
		{5C3E3B99-79BD-4A53-A07C-0B9B03CE52D3} = {6B93C14C-2672-4935-AE18-C28432632F46}
		{BC762024-B072-4030-B33E-7900493AC41D} = {6B93C14C-2672-4935-AE18-C28432632F46}
		{08038638-BA5E-4032-91D1-CFA70B9777BB} = {6F94F3A2-1F21-4752-8B7F-016E2D0AAF5C}
		{9AA671E2-FB2E-48B1-BD9F-3D7796CEDDD7} = {6F94F3A2-1F21-4752-8B7F-016E2D0AAF5C}
		{7A2007BB-86BF-4999-A86B-37DC66FD97A5} = {6B93C14C-2672-4935-AE18-C28432632F46}
		{D51E2E8C-6BC8-4AE9-8159-7741597AC06E} = {6B93C14C-2672-4935-AE18-C28432632F46}
		{33730985-4BA4-4CA4-84FD-3306FEDED025} = {6B93C14C-2672-4935-AE18-C28432632F46}
		{6AD9A968-9EA6-44A1-93C7-CD6358837365} = {6F94F3A2-1F21-4752-8B7F-016E2D0AAF5C}
		{A2D7DED3-109A-4955-910D-4092F3E77500} = {6B93C14C-2672-4935-AE18-C28432632F46}
	EndGlobalSection
	GlobalSection(ExtensibilityGlobals) = postSolution
		VisualSVNWorkingCopyRoot = .
		EnterpriseLibraryConfigurationToolBinariesPath = packages\Unity.2.1.505.2\lib\NET35
	EndGlobalSection
EndGlobal
